
Microsoft Visual Studio Solution File, Format Version 11.00
# Visual Studio 2010
Project("{FAE04EC0-301F-11D3-BF4B-00C04F79EFBC}") = "DemoInf_C_SharpNET", "DemoInf_C_SharpNET\DemoInf_C_SharpNET.csproj", "{461386AE-EFF5-4FA5-A178-5698669EE74E}"
EndProject
Global
	GlobalSection(SolutionConfigurationPlatforms) = preSolution
		Debug|Any CPU = Debug|Any CPU
		Release|Any CPU = Release|Any CPU
	EndGlobalSection
	GlobalSection(ProjectConfigurationPlatforms) = postSolution
		{461386AE-EFF5-4FA5-A178-5698669EE74E}.Debug|Any CPU.ActiveCfg = Debug|Any CPU
		{461386AE-EFF5-4FA5-A178-5698669EE74E}.Debug|Any CPU.Build.0 = Debug|Any CPU
		{461386AE-EFF5-4FA5-A178-5698669EE74E}.Release|Any CPU.ActiveCfg = Release|Any CPU
		{461386AE-EFF5-4FA5-A178-5698669EE74E}.Release|Any CPU.Build.0 = Release|Any CPU
	EndGlobalSection
	GlobalSection(SolutionProperties) = preSolution
		HideSolutionNode = FALSE
	EndGlobalSection
EndGlobal
